// !$*UTF8*$!
{
	archiveVersion = 1;
	classes = {
	};
	objectVersion = 46;
	objects = {

/* Begin PBXBuildFile section */
		1693D3E1953615BF9E0173A2 /* Pods_ProductMapUITests.framework in Frameworks */ = {isa = PBXBuildFile; fileRef = 55A3C08C60E75882BED11518 /* Pods_ProductMapUITests.framework */; };
		28A5F3CD42CF8694AE97BBFF /* Pods_ProductMapTests.framework in Frameworks */ = {isa = PBXBuildFile; fileRef = F69D235FFAD148F656EEEB87 /* Pods_ProductMapTests.framework */; };
		A9A9C785561B19D64368CA72 /* Pods_ProductMap.framework in Frameworks */ = {isa = PBXBuildFile; fileRef = 9E79EAAD5B42041EA3395239 /* Pods_ProductMap.framework */; };
		C437785D1EA960D9009FEFE8 /* HeaderView.swift in Sources */ = {isa = PBXBuildFile; fileRef = C437785C1EA960D9009FEFE8 /* HeaderView.swift */; };
		C4BD02381E9FE9DB0025FE76 /* GoogleService-Info.plist in Resources */ = {isa = PBXBuildFile; fileRef = C4BD02371E9FE9DB0025FE76 /* GoogleService-Info.plist */; };
		C4BD023A1E9FEDB50025FE76 /* LoginViewController.swift in Sources */ = {isa = PBXBuildFile; fileRef = C4BD02391E9FEDB50025FE76 /* LoginViewController.swift */; };
		C4BD023C1E9FEDBF0025FE76 /* SignUpViewController.swift in Sources */ = {isa = PBXBuildFile; fileRef = C4BD023B1E9FEDBF0025FE76 /* SignUpViewController.swift */; };
		C4BD023E1E9FF1D00025FE76 /* User.swift in Sources */ = {isa = PBXBuildFile; fileRef = C4BD023D1E9FF1D00025FE76 /* User.swift */; };
		C4CEB3F71EA7E1D6001722E5 /* Extention.swift in Sources */ = {isa = PBXBuildFile; fileRef = C4CEB3F61EA7E1D6001722E5 /* Extention.swift */; };
		C4CEB3F91EA7E980001722E5 /* GradientView.swift in Sources */ = {isa = PBXBuildFile; fileRef = C4CEB3F81EA7E980001722E5 /* GradientView.swift */; };
		C4E7AAA61EA544AC00518FD6 /* Product.swift in Sources */ = {isa = PBXBuildFile; fileRef = C4E7AAA51EA544AC00518FD6 /* Product.swift */; };
		C4EC64DE1EABFFBC00866098 /* ProductDescriptionView.swift in Sources */ = {isa = PBXBuildFile; fileRef = C4EC64DD1EABFFBC00866098 /* ProductDescriptionView.swift */; };
		C4EC64E01EAC243100866098 /* ProductController.swift in Sources */ = {isa = PBXBuildFile; fileRef = C4EC64DF1EAC243100866098 /* ProductController.swift */; };
		C4EC64E31EAC257300866098 /* Base Cell.swift in Sources */ = {isa = PBXBuildFile; fileRef = C4EC64E21EAC257300866098 /* Base Cell.swift */; };
		C4EC64E51EAC259800866098 /* ImageScrollerCell.swift in Sources */ = {isa = PBXBuildFile; fileRef = C4EC64E41EAC259800866098 /* ImageScrollerCell.swift */; };
		C4EC64E71EAC280800866098 /* DescriptionCell.swift in Sources */ = {isa = PBXBuildFile; fileRef = C4EC64E61EAC280800866098 /* DescriptionCell.swift */; };
		C4EC64E91EAC2E5300866098 /* TitleCell.swift in Sources */ = {isa = PBXBuildFile; fileRef = C4EC64E81EAC2E5300866098 /* TitleCell.swift */; };
		C4EC64EF1EAD95EC00866098 /* ProductDetailButtons.swift in Sources */ = {isa = PBXBuildFile; fileRef = C4EC64EE1EAD95EC00866098 /* ProductDetailButtons.swift */; };
		DD224BDF1E9EBA91005B88D8 /* AppDelegate.swift in Sources */ = {isa = PBXBuildFile; fileRef = DD224BDE1E9EBA91005B88D8 /* AppDelegate.swift */; };
		DD224BE11E9EBA91005B88D8 /* MainViewController.swift in Sources */ = {isa = PBXBuildFile; fileRef = DD224BE01E9EBA91005B88D8 /* MainViewController.swift */; };
		DD224BE71E9EBA91005B88D8 /* ProductMap.xcdatamodeld in Sources */ = {isa = PBXBuildFile; fileRef = DD224BE51E9EBA91005B88D8 /* ProductMap.xcdatamodeld */; };
		DD224BE91E9EBA91005B88D8 /* Assets.xcassets in Resources */ = {isa = PBXBuildFile; fileRef = DD224BE81E9EBA91005B88D8 /* Assets.xcassets */; };
		DD224BEC1E9EBA91005B88D8 /* LaunchScreen.storyboard in Resources */ = {isa = PBXBuildFile; fileRef = DD224BEA1E9EBA91005B88D8 /* LaunchScreen.storyboard */; };
		DD224BF71E9EBA91005B88D8 /* ProductMapTests.swift in Sources */ = {isa = PBXBuildFile; fileRef = DD224BF61E9EBA91005B88D8 /* ProductMapTests.swift */; };
		DD224C021E9EBA91005B88D8 /* ProductMapUITests.swift in Sources */ = {isa = PBXBuildFile; fileRef = DD224C011E9EBA91005B88D8 /* ProductMapUITests.swift */; };
		DD224C1D1E9F3CEA005B88D8 /* MapKit.framework in Frameworks */ = {isa = PBXBuildFile; fileRef = DD224C1C1E9F3CEA005B88D8 /* MapKit.framework */; };
		DD224C1F1E9F3FF4005B88D8 /* ProductLocation.swift in Sources */ = {isa = PBXBuildFile; fileRef = DD224C1E1E9F3FF4005B88D8 /* ProductLocation.swift */; };
		DD224C231E9F48EB005B88D8 /* MainMapView.swift in Sources */ = {isa = PBXBuildFile; fileRef = DD224C221E9F48EB005B88D8 /* MainMapView.swift */; };
		DD224C251E9FE4A2005B88D8 /* SearchView.swift in Sources */ = {isa = PBXBuildFile; fileRef = DD224C241E9FE4A2005B88D8 /* SearchView.swift */; };
		DD4B19381EA2A6B700DC0F00 /* Category.swift in Sources */ = {isa = PBXBuildFile; fileRef = DD4B19371EA2A6B700DC0F00 /* Category.swift */; };
		DD4B193A1EA2F7F700DC0F00 /* SearchTextField.swift in Sources */ = {isa = PBXBuildFile; fileRef = DD4B19391EA2F7F700DC0F00 /* SearchTextField.swift */; };
		DD4B193C1EA33AB900DC0F00 /* MainViewController+MapView.swift in Sources */ = {isa = PBXBuildFile; fileRef = DD4B193B1EA33AB900DC0F00 /* MainViewController+MapView.swift */; };
		DD4B193E1EA3C57D00DC0F00 /* CustomPointAnnotation.swift in Sources */ = {isa = PBXBuildFile; fileRef = DD4B193D1EA3C57D00DC0F00 /* CustomPointAnnotation.swift */; };
		DD4B19401EA3C73000DC0F00 /* Constants.swift in Sources */ = {isa = PBXBuildFile; fileRef = DD4B193F1EA3C73000DC0F00 /* Constants.swift */; };
		DD4B19421EA3D77900DC0F00 /* AnnotationView.swift in Sources */ = {isa = PBXBuildFile; fileRef = DD4B19411EA3D77900DC0F00 /* AnnotationView.swift */; };
		DD4B19461EA3E13200DC0F00 /* CustomCalloutView.swift in Sources */ = {isa = PBXBuildFile; fileRef = DD4B19451EA3E13200DC0F00 /* CustomCalloutView.swift */; };
		DD4B19481EA42BAC00DC0F00 /* ProductViewController.swift in Sources */ = {isa = PBXBuildFile; fileRef = DD4B19471EA42BAC00DC0F00 /* ProductViewController.swift */; };
		DD4B194B1EA43E3700DC0F00 /* AddProductView.swift in Sources */ = {isa = PBXBuildFile; fileRef = DD4B194A1EA43E3700DC0F00 /* AddProductView.swift */; };
		DD4B194F1EA46D8100DC0F00 /* SearchCollectionView.swift in Sources */ = {isa = PBXBuildFile; fileRef = DD4B194E1EA46D8100DC0F00 /* SearchCollectionView.swift */; };
		DD4B19561EA547C800DC0F00 /* APIClient.swift in Sources */ = {isa = PBXBuildFile; fileRef = DD4B19551EA547C800DC0F00 /* APIClient.swift */; };
		DD5B22D41EAD3DC2004461A2 /* TopBarContainer.swift in Sources */ = {isa = PBXBuildFile; fileRef = DD5B22D31EAD3DC2004461A2 /* TopBarContainer.swift */; };
		DD7370CA1EA59880007511B5 /* TopSpaceView.swift in Sources */ = {isa = PBXBuildFile; fileRef = DD7370C91EA59880007511B5 /* TopSpaceView.swift */; };
		DD7370D01EA6CD26007511B5 /* SearchCell.swift in Sources */ = {isa = PBXBuildFile; fileRef = DD7370CF1EA6CD26007511B5 /* SearchCell.swift */; };
		DD9D8ECF1EA0390E00925A43 /* CategoriesCollectionView.swift in Sources */ = {isa = PBXBuildFile; fileRef = DD9D8ECE1EA0390E00925A43 /* CategoriesCollectionView.swift */; };
		DD9D8ED31EA03B3700925A43 /* SignInButton.swift in Sources */ = {isa = PBXBuildFile; fileRef = DD9D8ED21EA03B3700925A43 /* SignInButton.swift */; };
		DD9D8ED81EA03E7000925A43 /* MainViewController+CollectionView.swift in Sources */ = {isa = PBXBuildFile; fileRef = DD9D8ED71EA03E7000925A43 /* MainViewController+CollectionView.swift */; };
		DD9D8EDA1EA03F0A00925A43 /* CategoriesCell.swift in Sources */ = {isa = PBXBuildFile; fileRef = DD9D8ED91EA03F0A00925A43 /* CategoriesCell.swift */; };
/* End PBXBuildFile section */

/* Begin PBXContainerItemProxy section */
		DD224BF31E9EBA91005B88D8 /* PBXContainerItemProxy */ = {
			isa = PBXContainerItemProxy;
			containerPortal = DD224BD31E9EBA91005B88D8 /* Project object */;
			proxyType = 1;
			remoteGlobalIDString = DD224BDA1E9EBA91005B88D8;
			remoteInfo = ProductMap;
		};
		DD224BFE1E9EBA91005B88D8 /* PBXContainerItemProxy */ = {
			isa = PBXContainerItemProxy;
			containerPortal = DD224BD31E9EBA91005B88D8 /* Project object */;
			proxyType = 1;
			remoteGlobalIDString = DD224BDA1E9EBA91005B88D8;
			remoteInfo = ProductMap;
		};
/* End PBXContainerItemProxy section */

/* Begin PBXFileReference section */
		03429CE1EDB38F6F1D859308 /* Pods-ProductMapTests.debug.xcconfig */ = {isa = PBXFileReference; includeInIndex = 1; lastKnownFileType = text.xcconfig; name = "Pods-ProductMapTests.debug.xcconfig"; path = "Pods/Target Support Files/Pods-ProductMapTests/Pods-ProductMapTests.debug.xcconfig"; sourceTree = "<group>"; };
		2588303D764675037131CF28 /* Pods-ProductMap.debug.xcconfig */ = {isa = PBXFileReference; includeInIndex = 1; lastKnownFileType = text.xcconfig; name = "Pods-ProductMap.debug.xcconfig"; path = "Pods/Target Support Files/Pods-ProductMap/Pods-ProductMap.debug.xcconfig"; sourceTree = "<group>"; };
		55A3C08C60E75882BED11518 /* Pods_ProductMapUITests.framework */ = {isa = PBXFileReference; explicitFileType = wrapper.framework; includeInIndex = 0; path = Pods_ProductMapUITests.framework; sourceTree = BUILT_PRODUCTS_DIR; };
		5A6557A682D3A92099B24E01 /* Pods-ProductMap.release.xcconfig */ = {isa = PBXFileReference; includeInIndex = 1; lastKnownFileType = text.xcconfig; name = "Pods-ProductMap.release.xcconfig"; path = "Pods/Target Support Files/Pods-ProductMap/Pods-ProductMap.release.xcconfig"; sourceTree = "<group>"; };
		66262BC38BEC9A4B88E4CE9B /* Pods-ProductMapUITests.release.xcconfig */ = {isa = PBXFileReference; includeInIndex = 1; lastKnownFileType = text.xcconfig; name = "Pods-ProductMapUITests.release.xcconfig"; path = "Pods/Target Support Files/Pods-ProductMapUITests/Pods-ProductMapUITests.release.xcconfig"; sourceTree = "<group>"; };
		929D76CB0F52CA7C3608034D /* Pods-ProductMapUITests.debug.xcconfig */ = {isa = PBXFileReference; includeInIndex = 1; lastKnownFileType = text.xcconfig; name = "Pods-ProductMapUITests.debug.xcconfig"; path = "Pods/Target Support Files/Pods-ProductMapUITests/Pods-ProductMapUITests.debug.xcconfig"; sourceTree = "<group>"; };
		9E79EAAD5B42041EA3395239 /* Pods_ProductMap.framework */ = {isa = PBXFileReference; explicitFileType = wrapper.framework; includeInIndex = 0; path = Pods_ProductMap.framework; sourceTree = BUILT_PRODUCTS_DIR; };
		BE139491CA24F3F245638DF3 /* Pods-ProductMapTests.release.xcconfig */ = {isa = PBXFileReference; includeInIndex = 1; lastKnownFileType = text.xcconfig; name = "Pods-ProductMapTests.release.xcconfig"; path = "Pods/Target Support Files/Pods-ProductMapTests/Pods-ProductMapTests.release.xcconfig"; sourceTree = "<group>"; };
		C437785C1EA960D9009FEFE8 /* HeaderView.swift */ = {isa = PBXFileReference; fileEncoding = 4; lastKnownFileType = sourcecode.swift; path = HeaderView.swift; sourceTree = "<group>"; };
		C4BD02371E9FE9DB0025FE76 /* GoogleService-Info.plist */ = {isa = PBXFileReference; fileEncoding = 4; lastKnownFileType = text.plist.xml; path = "GoogleService-Info.plist"; sourceTree = "<group>"; };
		C4BD02391E9FEDB50025FE76 /* LoginViewController.swift */ = {isa = PBXFileReference; fileEncoding = 4; lastKnownFileType = sourcecode.swift; path = LoginViewController.swift; sourceTree = "<group>"; };
		C4BD023B1E9FEDBF0025FE76 /* SignUpViewController.swift */ = {isa = PBXFileReference; fileEncoding = 4; lastKnownFileType = sourcecode.swift; path = SignUpViewController.swift; sourceTree = "<group>"; };
		C4BD023D1E9FF1D00025FE76 /* User.swift */ = {isa = PBXFileReference; fileEncoding = 4; lastKnownFileType = sourcecode.swift; path = User.swift; sourceTree = "<group>"; };
		C4CEB3F61EA7E1D6001722E5 /* Extention.swift */ = {isa = PBXFileReference; fileEncoding = 4; lastKnownFileType = sourcecode.swift; path = Extention.swift; sourceTree = "<group>"; };
		C4CEB3F81EA7E980001722E5 /* GradientView.swift */ = {isa = PBXFileReference; fileEncoding = 4; lastKnownFileType = sourcecode.swift; path = GradientView.swift; sourceTree = "<group>"; };
		C4E7AAA51EA544AC00518FD6 /* Product.swift */ = {isa = PBXFileReference; fileEncoding = 4; lastKnownFileType = sourcecode.swift; path = Product.swift; sourceTree = "<group>"; };
		C4EC64DD1EABFFBC00866098 /* ProductDescriptionView.swift */ = {isa = PBXFileReference; fileEncoding = 4; lastKnownFileType = sourcecode.swift; path = ProductDescriptionView.swift; sourceTree = "<group>"; };
		C4EC64DF1EAC243100866098 /* ProductController.swift */ = {isa = PBXFileReference; fileEncoding = 4; lastKnownFileType = sourcecode.swift; path = ProductController.swift; sourceTree = "<group>"; };
		C4EC64E21EAC257300866098 /* Base Cell.swift */ = {isa = PBXFileReference; fileEncoding = 4; lastKnownFileType = sourcecode.swift; path = "Base Cell.swift"; sourceTree = "<group>"; };
		C4EC64E41EAC259800866098 /* ImageScrollerCell.swift */ = {isa = PBXFileReference; fileEncoding = 4; lastKnownFileType = sourcecode.swift; path = ImageScrollerCell.swift; sourceTree = "<group>"; };
		C4EC64E61EAC280800866098 /* DescriptionCell.swift */ = {isa = PBXFileReference; fileEncoding = 4; lastKnownFileType = sourcecode.swift; path = DescriptionCell.swift; sourceTree = "<group>"; };
		C4EC64E81EAC2E5300866098 /* TitleCell.swift */ = {isa = PBXFileReference; fileEncoding = 4; lastKnownFileType = sourcecode.swift; path = TitleCell.swift; sourceTree = "<group>"; };
		C4EC64EE1EAD95EC00866098 /* ProductDetailButtons.swift */ = {isa = PBXFileReference; fileEncoding = 4; lastKnownFileType = sourcecode.swift; path = ProductDetailButtons.swift; sourceTree = "<group>"; };
		DD224BDB1E9EBA91005B88D8 /* ProductMap.app */ = {isa = PBXFileReference; explicitFileType = wrapper.application; includeInIndex = 0; path = ProductMap.app; sourceTree = BUILT_PRODUCTS_DIR; };
		DD224BDE1E9EBA91005B88D8 /* AppDelegate.swift */ = {isa = PBXFileReference; lastKnownFileType = sourcecode.swift; path = AppDelegate.swift; sourceTree = "<group>"; };
		DD224BE01E9EBA91005B88D8 /* MainViewController.swift */ = {isa = PBXFileReference; lastKnownFileType = sourcecode.swift; path = MainViewController.swift; sourceTree = "<group>"; };
		DD224BE61E9EBA91005B88D8 /* ProductMap.xcdatamodel */ = {isa = PBXFileReference; lastKnownFileType = wrapper.xcdatamodel; path = ProductMap.xcdatamodel; sourceTree = "<group>"; };
		DD224BE81E9EBA91005B88D8 /* Assets.xcassets */ = {isa = PBXFileReference; lastKnownFileType = folder.assetcatalog; path = Assets.xcassets; sourceTree = "<group>"; };
		DD224BEB1E9EBA91005B88D8 /* Base */ = {isa = PBXFileReference; lastKnownFileType = file.storyboard; name = Base; path = Base.lproj/LaunchScreen.storyboard; sourceTree = "<group>"; };
		DD224BED1E9EBA91005B88D8 /* Info.plist */ = {isa = PBXFileReference; lastKnownFileType = text.plist.xml; path = Info.plist; sourceTree = "<group>"; };
		DD224BF21E9EBA91005B88D8 /* ProductMapTests.xctest */ = {isa = PBXFileReference; explicitFileType = wrapper.cfbundle; includeInIndex = 0; path = ProductMapTests.xctest; sourceTree = BUILT_PRODUCTS_DIR; };
		DD224BF61E9EBA91005B88D8 /* ProductMapTests.swift */ = {isa = PBXFileReference; lastKnownFileType = sourcecode.swift; path = ProductMapTests.swift; sourceTree = "<group>"; };
		DD224BF81E9EBA91005B88D8 /* Info.plist */ = {isa = PBXFileReference; lastKnownFileType = text.plist.xml; path = Info.plist; sourceTree = "<group>"; };
		DD224BFD1E9EBA91005B88D8 /* ProductMapUITests.xctest */ = {isa = PBXFileReference; explicitFileType = wrapper.cfbundle; includeInIndex = 0; path = ProductMapUITests.xctest; sourceTree = BUILT_PRODUCTS_DIR; };
		DD224C011E9EBA91005B88D8 /* ProductMapUITests.swift */ = {isa = PBXFileReference; lastKnownFileType = sourcecode.swift; path = ProductMapUITests.swift; sourceTree = "<group>"; };
		DD224C031E9EBA91005B88D8 /* Info.plist */ = {isa = PBXFileReference; lastKnownFileType = text.plist.xml; path = Info.plist; sourceTree = "<group>"; };
		DD224C1C1E9F3CEA005B88D8 /* MapKit.framework */ = {isa = PBXFileReference; lastKnownFileType = wrapper.framework; name = MapKit.framework; path = System/Library/Frameworks/MapKit.framework; sourceTree = SDKROOT; };
		DD224C1E1E9F3FF4005B88D8 /* ProductLocation.swift */ = {isa = PBXFileReference; fileEncoding = 4; lastKnownFileType = sourcecode.swift; path = ProductLocation.swift; sourceTree = "<group>"; };
		DD224C221E9F48EB005B88D8 /* MainMapView.swift */ = {isa = PBXFileReference; fileEncoding = 4; lastKnownFileType = sourcecode.swift; path = MainMapView.swift; sourceTree = "<group>"; };
		DD224C241E9FE4A2005B88D8 /* SearchView.swift */ = {isa = PBXFileReference; fileEncoding = 4; lastKnownFileType = sourcecode.swift; name = SearchView.swift; path = ../SearchView.swift; sourceTree = "<group>"; };
		DD4B19371EA2A6B700DC0F00 /* Category.swift */ = {isa = PBXFileReference; fileEncoding = 4; lastKnownFileType = sourcecode.swift; path = Category.swift; sourceTree = "<group>"; };
		DD4B19391EA2F7F700DC0F00 /* SearchTextField.swift */ = {isa = PBXFileReference; fileEncoding = 4; lastKnownFileType = sourcecode.swift; path = SearchTextField.swift; sourceTree = "<group>"; };
		DD4B193B1EA33AB900DC0F00 /* MainViewController+MapView.swift */ = {isa = PBXFileReference; fileEncoding = 4; lastKnownFileType = sourcecode.swift; path = "MainViewController+MapView.swift"; sourceTree = "<group>"; };
		DD4B193D1EA3C57D00DC0F00 /* CustomPointAnnotation.swift */ = {isa = PBXFileReference; fileEncoding = 4; lastKnownFileType = sourcecode.swift; path = CustomPointAnnotation.swift; sourceTree = "<group>"; };
		DD4B193F1EA3C73000DC0F00 /* Constants.swift */ = {isa = PBXFileReference; fileEncoding = 4; lastKnownFileType = sourcecode.swift; path = Constants.swift; sourceTree = "<group>"; };
		DD4B19411EA3D77900DC0F00 /* AnnotationView.swift */ = {isa = PBXFileReference; fileEncoding = 4; lastKnownFileType = sourcecode.swift; path = AnnotationView.swift; sourceTree = "<group>"; };
		DD4B19451EA3E13200DC0F00 /* CustomCalloutView.swift */ = {isa = PBXFileReference; fileEncoding = 4; lastKnownFileType = sourcecode.swift; path = CustomCalloutView.swift; sourceTree = "<group>"; };
		DD4B19471EA42BAC00DC0F00 /* ProductViewController.swift */ = {isa = PBXFileReference; fileEncoding = 4; lastKnownFileType = sourcecode.swift; path = ProductViewController.swift; sourceTree = "<group>"; };
		DD4B194A1EA43E3700DC0F00 /* AddProductView.swift */ = {isa = PBXFileReference; fileEncoding = 4; lastKnownFileType = sourcecode.swift; path = AddProductView.swift; sourceTree = "<group>"; };
		DD4B194E1EA46D8100DC0F00 /* SearchCollectionView.swift */ = {isa = PBXFileReference; fileEncoding = 4; lastKnownFileType = sourcecode.swift; path = SearchCollectionView.swift; sourceTree = "<group>"; };
		DD4B19551EA547C800DC0F00 /* APIClient.swift */ = {isa = PBXFileReference; fileEncoding = 4; lastKnownFileType = sourcecode.swift; path = APIClient.swift; sourceTree = "<group>"; };
		DD5B22D31EAD3DC2004461A2 /* TopBarContainer.swift */ = {isa = PBXFileReference; fileEncoding = 4; lastKnownFileType = sourcecode.swift; path = TopBarContainer.swift; sourceTree = "<group>"; };
		DD7370C91EA59880007511B5 /* TopSpaceView.swift */ = {isa = PBXFileReference; fileEncoding = 4; lastKnownFileType = sourcecode.swift; path = TopSpaceView.swift; sourceTree = "<group>"; };
		DD7370CF1EA6CD26007511B5 /* SearchCell.swift */ = {isa = PBXFileReference; fileEncoding = 4; lastKnownFileType = sourcecode.swift; path = SearchCell.swift; sourceTree = "<group>"; };
		DD9D8ECD1EA02F4B00925A43 /* ProductMap.entitlements */ = {isa = PBXFileReference; lastKnownFileType = text.plist.entitlements; path = ProductMap.entitlements; sourceTree = "<group>"; };
		DD9D8ECE1EA0390E00925A43 /* CategoriesCollectionView.swift */ = {isa = PBXFileReference; fileEncoding = 4; lastKnownFileType = sourcecode.swift; path = CategoriesCollectionView.swift; sourceTree = "<group>"; };
		DD9D8ED21EA03B3700925A43 /* SignInButton.swift */ = {isa = PBXFileReference; fileEncoding = 4; lastKnownFileType = sourcecode.swift; path = SignInButton.swift; sourceTree = "<group>"; };
		DD9D8ED71EA03E7000925A43 /* MainViewController+CollectionView.swift */ = {isa = PBXFileReference; fileEncoding = 4; lastKnownFileType = sourcecode.swift; path = "MainViewController+CollectionView.swift"; sourceTree = "<group>"; };
		DD9D8ED91EA03F0A00925A43 /* CategoriesCell.swift */ = {isa = PBXFileReference; fileEncoding = 4; lastKnownFileType = sourcecode.swift; path = CategoriesCell.swift; sourceTree = "<group>"; };
		F69D235FFAD148F656EEEB87 /* Pods_ProductMapTests.framework */ = {isa = PBXFileReference; explicitFileType = wrapper.framework; includeInIndex = 0; path = Pods_ProductMapTests.framework; sourceTree = BUILT_PRODUCTS_DIR; };
/* End PBXFileReference section */

/* Begin PBXFrameworksBuildPhase section */
		DD224BD81E9EBA91005B88D8 /* Frameworks */ = {
			isa = PBXFrameworksBuildPhase;
			buildActionMask = 2147483647;
			files = (
				DD224C1D1E9F3CEA005B88D8 /* MapKit.framework in Frameworks */,
				A9A9C785561B19D64368CA72 /* Pods_ProductMap.framework in Frameworks */,
			);
			runOnlyForDeploymentPostprocessing = 0;
		};
		DD224BEF1E9EBA91005B88D8 /* Frameworks */ = {
			isa = PBXFrameworksBuildPhase;
			buildActionMask = 2147483647;
			files = (
				28A5F3CD42CF8694AE97BBFF /* Pods_ProductMapTests.framework in Frameworks */,
			);
			runOnlyForDeploymentPostprocessing = 0;
		};
		DD224BFA1E9EBA91005B88D8 /* Frameworks */ = {
			isa = PBXFrameworksBuildPhase;
			buildActionMask = 2147483647;
			files = (
				1693D3E1953615BF9E0173A2 /* Pods_ProductMapUITests.framework in Frameworks */,
			);
			runOnlyForDeploymentPostprocessing = 0;
		};
/* End PBXFrameworksBuildPhase section */

/* Begin PBXGroup section */
		93795AC73872105A878F9BB3 /* Pods */ = {
			isa = PBXGroup;
			children = (
				2588303D764675037131CF28 /* Pods-ProductMap.debug.xcconfig */,
				5A6557A682D3A92099B24E01 /* Pods-ProductMap.release.xcconfig */,
				03429CE1EDB38F6F1D859308 /* Pods-ProductMapTests.debug.xcconfig */,
				BE139491CA24F3F245638DF3 /* Pods-ProductMapTests.release.xcconfig */,
				929D76CB0F52CA7C3608034D /* Pods-ProductMapUITests.debug.xcconfig */,
				66262BC38BEC9A4B88E4CE9B /* Pods-ProductMapUITests.release.xcconfig */,
			);
			name = Pods;
			sourceTree = "<group>";
		};
		C4EC64E11EAC251B00866098 /* Product controller cells */ = {
			isa = PBXGroup;
			children = (
				C4EC64E21EAC257300866098 /* Base Cell.swift */,
				C4EC64E41EAC259800866098 /* ImageScrollerCell.swift */,
				C4EC64E61EAC280800866098 /* DescriptionCell.swift */,
				C4EC64E81EAC2E5300866098 /* TitleCell.swift */,
				C4EC64EE1EAD95EC00866098 /* ProductDetailButtons.swift */,
			);
			name = "Product controller cells";
			sourceTree = "<group>";
		};
		DD224BD21E9EBA91005B88D8 = {
			isa = PBXGroup;
			children = (
				DD224BDD1E9EBA91005B88D8 /* ProductMap */,
				DD224BF51E9EBA91005B88D8 /* ProductMapTests */,
				DD224C001E9EBA91005B88D8 /* ProductMapUITests */,
				DD224BDC1E9EBA91005B88D8 /* Products */,
				DD224C1B1E9F3CEA005B88D8 /* Frameworks */,
				93795AC73872105A878F9BB3 /* Pods */,
			);
			sourceTree = "<group>";
		};
		DD224BDC1E9EBA91005B88D8 /* Products */ = {
			isa = PBXGroup;
			children = (
				DD224BDB1E9EBA91005B88D8 /* ProductMap.app */,
				DD224BF21E9EBA91005B88D8 /* ProductMapTests.xctest */,
				DD224BFD1E9EBA91005B88D8 /* ProductMapUITests.xctest */,
			);
			name = Products;
			sourceTree = "<group>";
		};
		DD224BDD1E9EBA91005B88D8 /* ProductMap */ = {
			isa = PBXGroup;
			children = (
				DD9D8ECD1EA02F4B00925A43 /* ProductMap.entitlements */,
				DD224BDE1E9EBA91005B88D8 /* AppDelegate.swift */,
				DD4B193F1EA3C73000DC0F00 /* Constants.swift */,
				DD224C281E9FE509005B88D8 /* View Controllers */,
				DD224C271E9FE4FE005B88D8 /* Views */,
				DD224C261E9FE4F7005B88D8 /* Models */,
				DD4B19521EA536C300DC0F00 /* Network */,
				DD224BE81E9EBA91005B88D8 /* Assets.xcassets */,
				C4CEB3F61EA7E1D6001722E5 /* Extention.swift */,
				DD224BEA1E9EBA91005B88D8 /* LaunchScreen.storyboard */,
				DD224BED1E9EBA91005B88D8 /* Info.plist */,
				C4BD02371E9FE9DB0025FE76 /* GoogleService-Info.plist */,
				DD224BE51E9EBA91005B88D8 /* ProductMap.xcdatamodeld */,
			);
			path = ProductMap;
			sourceTree = "<group>";
		};
		DD224BF51E9EBA91005B88D8 /* ProductMapTests */ = {
			isa = PBXGroup;
			children = (
				DD224BF61E9EBA91005B88D8 /* ProductMapTests.swift */,
				DD224BF81E9EBA91005B88D8 /* Info.plist */,
			);
			path = ProductMapTests;
			sourceTree = "<group>";
		};
		DD224C001E9EBA91005B88D8 /* ProductMapUITests */ = {
			isa = PBXGroup;
			children = (
				DD224C011E9EBA91005B88D8 /* ProductMapUITests.swift */,
				DD224C031E9EBA91005B88D8 /* Info.plist */,
			);
			path = ProductMapUITests;
			sourceTree = "<group>";
		};
		DD224C1B1E9F3CEA005B88D8 /* Frameworks */ = {
			isa = PBXGroup;
			children = (
				DD224C1C1E9F3CEA005B88D8 /* MapKit.framework */,
				9E79EAAD5B42041EA3395239 /* Pods_ProductMap.framework */,
				F69D235FFAD148F656EEEB87 /* Pods_ProductMapTests.framework */,
				55A3C08C60E75882BED11518 /* Pods_ProductMapUITests.framework */,
			);
			name = Frameworks;
			sourceTree = "<group>";
		};
		DD224C261E9FE4F7005B88D8 /* Models */ = {
			isa = PBXGroup;
			children = (
				C4BD023D1E9FF1D00025FE76 /* User.swift */,
				DD4B19371EA2A6B700DC0F00 /* Category.swift */,
				C4E7AAA51EA544AC00518FD6 /* Product.swift */,
				DD4B19431EA3DAEA00DC0F00 /* MapView Models */,
			);
			name = Models;
			sourceTree = "<group>";
		};
		DD224C271E9FE4FE005B88D8 /* Views */ = {
			isa = PBXGroup;
			children = (
				DD7370CB1EA598F1007511B5 /* SignInViewController Views */,
				DD7370CC1EA598FF007511B5 /* ProductViewController Views */,
				DD7370C81EA59832007511B5 /* MainViewController Views */,
			);
			name = Views;
			sourceTree = "<group>";
		};
		DD224C281E9FE509005B88D8 /* View Controllers */ = {
			isa = PBXGroup;
			children = (
				C4BD02391E9FEDB50025FE76 /* LoginViewController.swift */,
				C4BD023B1E9FEDBF0025FE76 /* SignUpViewController.swift */,
				DD4B19491EA42D8B00DC0F00 /* ProductViewController */,
				C4EC64E11EAC251B00866098 /* Product controller cells */,
				DD9D8ED41EA03E0D00925A43 /* MainViewController */,
			);
			name = "View Controllers";
			sourceTree = "<group>";
		};
		DD4B19431EA3DAEA00DC0F00 /* MapView Models */ = {
			isa = PBXGroup;
			children = (
				DD224C1E1E9F3FF4005B88D8 /* ProductLocation.swift */,
				DD4B193D1EA3C57D00DC0F00 /* CustomPointAnnotation.swift */,
			);
			name = "MapView Models";
			sourceTree = "<group>";
		};
		DD4B19441EA3DDA800DC0F00 /* Map Views */ = {
			isa = PBXGroup;
			children = (
				DD224C221E9F48EB005B88D8 /* MainMapView.swift */,
				DD4B19411EA3D77900DC0F00 /* AnnotationView.swift */,
				DD4B194A1EA43E3700DC0F00 /* AddProductView.swift */,
				DD4B19451EA3E13200DC0F00 /* CustomCalloutView.swift */,
			);
			name = "Map Views";
			sourceTree = "<group>";
		};
		DD4B19491EA42D8B00DC0F00 /* ProductViewController */ = {
			isa = PBXGroup;
			children = (
				DD4B19471EA42BAC00DC0F00 /* ProductViewController.swift */,
				C4EC64DF1EAC243100866098 /* ProductController.swift */,
			);
			name = ProductViewController;
			sourceTree = "<group>";
		};
		DD4B19521EA536C300DC0F00 /* Network */ = {
			isa = PBXGroup;
			children = (
				DD4B19551EA547C800DC0F00 /* APIClient.swift */,
			);
			name = Network;
			sourceTree = "<group>";
		};
		DD7370C81EA59832007511B5 /* MainViewController Views */ = {
			isa = PBXGroup;
			children = (
				DD224C241E9FE4A2005B88D8 /* SearchView.swift */,
				DD4B19391EA2F7F700DC0F00 /* SearchTextField.swift */,
				DD5B22D31EAD3DC2004461A2 /* TopBarContainer.swift */,
				DD4B19441EA3DDA800DC0F00 /* Map Views */,
				DD9D8EDB1EA042C500925A43 /* CollectionViewCells */,
				DD9D8ED01EA0391500925A43 /* CollectionViews */,
			);
			name = "MainViewController Views";
			sourceTree = "<group>";
		};
		DD7370CB1EA598F1007511B5 /* SignInViewController Views */ = {
			isa = PBXGroup;
			children = (
				DD9D8ED21EA03B3700925A43 /* SignInButton.swift */,
			);
			name = "SignInViewController Views";
			sourceTree = "<group>";
		};
		DD7370CC1EA598FF007511B5 /* ProductViewController Views */ = {
			isa = PBXGroup;
			children = (
				DD7370C91EA59880007511B5 /* TopSpaceView.swift */,
				C4CEB3F81EA7E980001722E5 /* GradientView.swift */,
				C437785C1EA960D9009FEFE8 /* HeaderView.swift */,
				C4EC64DD1EABFFBC00866098 /* ProductDescriptionView.swift */,
			);
			name = "ProductViewController Views";
			sourceTree = "<group>";
		};
		DD9D8ED01EA0391500925A43 /* CollectionViews */ = {
			isa = PBXGroup;
			children = (
				DD4B194E1EA46D8100DC0F00 /* SearchCollectionView.swift */,
				DD9D8ECE1EA0390E00925A43 /* CategoriesCollectionView.swift */,
			);
			name = CollectionViews;
			sourceTree = "<group>";
		};
		DD9D8ED41EA03E0D00925A43 /* MainViewController */ = {
			isa = PBXGroup;
			children = (
				DD224BE01E9EBA91005B88D8 /* MainViewController.swift */,
				DD4B193B1EA33AB900DC0F00 /* MainViewController+MapView.swift */,
				DD9D8ED71EA03E7000925A43 /* MainViewController+CollectionView.swift */,
			);
			name = MainViewController;
			sourceTree = "<group>";
		};
		DD9D8EDB1EA042C500925A43 /* CollectionViewCells */ = {
			isa = PBXGroup;
			children = (
				DD9D8ED91EA03F0A00925A43 /* CategoriesCell.swift */,
				DD7370CF1EA6CD26007511B5 /* SearchCell.swift */,
			);
			name = CollectionViewCells;
			sourceTree = "<group>";
		};
/* End PBXGroup section */

/* Begin PBXNativeTarget section */
		DD224BDA1E9EBA91005B88D8 /* ProductMap */ = {
			isa = PBXNativeTarget;
			buildConfigurationList = DD224C061E9EBA91005B88D8 /* Build configuration list for PBXNativeTarget "ProductMap" */;
			buildPhases = (
				640F3BF8F6468A72A01FF2F5 /* [CP] Check Pods Manifest.lock */,
				DD224BD71E9EBA91005B88D8 /* Sources */,
				DD224BD81E9EBA91005B88D8 /* Frameworks */,
				DD224BD91E9EBA91005B88D8 /* Resources */,
				01745009AA1249BDF3E0733F /* [CP] Embed Pods Frameworks */,
				B3BD022A264DCFEEBDB317BE /* [CP] Copy Pods Resources */,
			);
			buildRules = (
			);
			dependencies = (
			);
			name = ProductMap;
			productName = ProductMap;
			productReference = DD224BDB1E9EBA91005B88D8 /* ProductMap.app */;
			productType = "com.apple.product-type.application";
		};
		DD224BF11E9EBA91005B88D8 /* ProductMapTests */ = {
			isa = PBXNativeTarget;
			buildConfigurationList = DD224C091E9EBA91005B88D8 /* Build configuration list for PBXNativeTarget "ProductMapTests" */;
			buildPhases = (
				738675765FD8DD3F5ACDC95E /* [CP] Check Pods Manifest.lock */,
				DD224BEE1E9EBA91005B88D8 /* Sources */,
				DD224BEF1E9EBA91005B88D8 /* Frameworks */,
				DD224BF01E9EBA91005B88D8 /* Resources */,
				038C7F805570B46E8D9C0383 /* [CP] Embed Pods Frameworks */,
				41B35E3753DFFF9214E335BA /* [CP] Copy Pods Resources */,
			);
			buildRules = (
			);
			dependencies = (
				DD224BF41E9EBA91005B88D8 /* PBXTargetDependency */,
			);
			name = ProductMapTests;
			productName = ProductMapTests;
			productReference = DD224BF21E9EBA91005B88D8 /* ProductMapTests.xctest */;
			productType = "com.apple.product-type.bundle.unit-test";
		};
		DD224BFC1E9EBA91005B88D8 /* ProductMapUITests */ = {
			isa = PBXNativeTarget;
			buildConfigurationList = DD224C0C1E9EBA91005B88D8 /* Build configuration list for PBXNativeTarget "ProductMapUITests" */;
			buildPhases = (
				A60355F6A70E109DC1BFD59F /* [CP] Check Pods Manifest.lock */,
				DD224BF91E9EBA91005B88D8 /* Sources */,
				DD224BFA1E9EBA91005B88D8 /* Frameworks */,
				DD224BFB1E9EBA91005B88D8 /* Resources */,
				1C8CFA44FF74411E7193FE32 /* [CP] Embed Pods Frameworks */,
				0A3D64FDDAE54EE12E5F0027 /* [CP] Copy Pods Resources */,
			);
			buildRules = (
			);
			dependencies = (
				DD224BFF1E9EBA91005B88D8 /* PBXTargetDependency */,
			);
			name = ProductMapUITests;
			productName = ProductMapUITests;
			productReference = DD224BFD1E9EBA91005B88D8 /* ProductMapUITests.xctest */;
			productType = "com.apple.product-type.bundle.ui-testing";
		};
/* End PBXNativeTarget section */

/* Begin PBXProject section */
		DD224BD31E9EBA91005B88D8 /* Project object */ = {
			isa = PBXProject;
			attributes = {
				LastSwiftUpdateCheck = 0820;
				LastUpgradeCheck = 0820;
				ORGANIZATIONNAME = "Trevin Wisaksana";
				TargetAttributes = {
					DD224BDA1E9EBA91005B88D8 = {
						CreatedOnToolsVersion = 8.2.1;
						DevelopmentTeam = 3FX26JCU7E;
						ProvisioningStyle = Automatic;
						SystemCapabilities = {
							com.apple.Keychain = {
								enabled = 1;
							};
							com.apple.Maps.iOS = {
								enabled = 1;
							};
						};
					};
					DD224BF11E9EBA91005B88D8 = {
						CreatedOnToolsVersion = 8.2.1;
						DevelopmentTeam = 9ME882KZTA;
						ProvisioningStyle = Automatic;
						TestTargetID = DD224BDA1E9EBA91005B88D8;
					};
					DD224BFC1E9EBA91005B88D8 = {
						CreatedOnToolsVersion = 8.2.1;
						DevelopmentTeam = 9ME882KZTA;
						ProvisioningStyle = Automatic;
						TestTargetID = DD224BDA1E9EBA91005B88D8;
					};
				};
			};
			buildConfigurationList = DD224BD61E9EBA91005B88D8 /* Build configuration list for PBXProject "ProductMap" */;
			compatibilityVersion = "Xcode 3.2";
			developmentRegion = English;
			hasScannedForEncodings = 0;
			knownRegions = (
				en,
				Base,
			);
			mainGroup = DD224BD21E9EBA91005B88D8;
			productRefGroup = DD224BDC1E9EBA91005B88D8 /* Products */;
			projectDirPath = "";
			projectRoot = "";
			targets = (
				DD224BDA1E9EBA91005B88D8 /* ProductMap */,
				DD224BF11E9EBA91005B88D8 /* ProductMapTests */,
				DD224BFC1E9EBA91005B88D8 /* ProductMapUITests */,
			);
		};
/* End PBXProject section */

/* Begin PBXResourcesBuildPhase section */
		DD224BD91E9EBA91005B88D8 /* Resources */ = {
			isa = PBXResourcesBuildPhase;
			buildActionMask = 2147483647;
			files = (
				DD224BEC1E9EBA91005B88D8 /* LaunchScreen.storyboard in Resources */,
				C4BD02381E9FE9DB0025FE76 /* GoogleService-Info.plist in Resources */,
				DD224BE91E9EBA91005B88D8 /* Assets.xcassets in Resources */,
			);
			runOnlyForDeploymentPostprocessing = 0;
		};
		DD224BF01E9EBA91005B88D8 /* Resources */ = {
			isa = PBXResourcesBuildPhase;
			buildActionMask = 2147483647;
			files = (
			);
			runOnlyForDeploymentPostprocessing = 0;
		};
		DD224BFB1E9EBA91005B88D8 /* Resources */ = {
			isa = PBXResourcesBuildPhase;
			buildActionMask = 2147483647;
			files = (
			);
			runOnlyForDeploymentPostprocessing = 0;
		};
/* End PBXResourcesBuildPhase section */

/* Begin PBXShellScriptBuildPhase section */
		01745009AA1249BDF3E0733F /* [CP] Embed Pods Frameworks */ = {
			isa = PBXShellScriptBuildPhase;
			buildActionMask = 2147483647;
			files = (
			);
			inputPaths = (
			);
			name = "[CP] Embed Pods Frameworks";
			outputPaths = (
			);
			runOnlyForDeploymentPostprocessing = 0;
			shellPath = /bin/sh;
			shellScript = "\"${SRCROOT}/Pods/Target Support Files/Pods-ProductMap/Pods-ProductMap-frameworks.sh\"\n";
			showEnvVarsInLog = 0;
		};
		038C7F805570B46E8D9C0383 /* [CP] Embed Pods Frameworks */ = {
			isa = PBXShellScriptBuildPhase;
			buildActionMask = 2147483647;
			files = (
			);
			inputPaths = (
			);
			name = "[CP] Embed Pods Frameworks";
			outputPaths = (
			);
			runOnlyForDeploymentPostprocessing = 0;
			shellPath = /bin/sh;
			shellScript = "\"${SRCROOT}/Pods/Target Support Files/Pods-ProductMapTests/Pods-ProductMapTests-frameworks.sh\"\n";
			showEnvVarsInLog = 0;
		};
		0A3D64FDDAE54EE12E5F0027 /* [CP] Copy Pods Resources */ = {
			isa = PBXShellScriptBuildPhase;
			buildActionMask = 2147483647;
			files = (
			);
			inputPaths = (
			);
			name = "[CP] Copy Pods Resources";
			outputPaths = (
			);
			runOnlyForDeploymentPostprocessing = 0;
			shellPath = /bin/sh;
			shellScript = "\"${SRCROOT}/Pods/Target Support Files/Pods-ProductMapUITests/Pods-ProductMapUITests-resources.sh\"\n";
			showEnvVarsInLog = 0;
		};
		1C8CFA44FF74411E7193FE32 /* [CP] Embed Pods Frameworks */ = {
			isa = PBXShellScriptBuildPhase;
			buildActionMask = 2147483647;
			files = (
			);
			inputPaths = (
			);
			name = "[CP] Embed Pods Frameworks";
			outputPaths = (
			);
			runOnlyForDeploymentPostprocessing = 0;
			shellPath = /bin/sh;
			shellScript = "\"${SRCROOT}/Pods/Target Support Files/Pods-ProductMapUITests/Pods-ProductMapUITests-frameworks.sh\"\n";
			showEnvVarsInLog = 0;
		};
		41B35E3753DFFF9214E335BA /* [CP] Copy Pods Resources */ = {
			isa = PBXShellScriptBuildPhase;
			buildActionMask = 2147483647;
			files = (
			);
			inputPaths = (
			);
			name = "[CP] Copy Pods Resources";
			outputPaths = (
			);
			runOnlyForDeploymentPostprocessing = 0;
			shellPath = /bin/sh;
			shellScript = "\"${SRCROOT}/Pods/Target Support Files/Pods-ProductMapTests/Pods-ProductMapTests-resources.sh\"\n";
			showEnvVarsInLog = 0;
		};
		640F3BF8F6468A72A01FF2F5 /* [CP] Check Pods Manifest.lock */ = {
			isa = PBXShellScriptBuildPhase;
			buildActionMask = 2147483647;
			files = (
			);
			inputPaths = (
			);
			name = "[CP] Check Pods Manifest.lock";
			outputPaths = (
			);
			runOnlyForDeploymentPostprocessing = 0;
			shellPath = /bin/sh;
			shellScript = "diff \"${PODS_PODFILE_DIR_PATH}/Podfile.lock\" \"${PODS_ROOT}/Manifest.lock\" > /dev/null\nif [ $? != 0 ] ; then\n    # print error to STDERR\n    echo \"error: The sandbox is not in sync with the Podfile.lock. Run 'pod install' or update your CocoaPods installation.\" >&2\n    exit 1\nfi\n";
			showEnvVarsInLog = 0;
		};
		738675765FD8DD3F5ACDC95E /* [CP] Check Pods Manifest.lock */ = {
			isa = PBXShellScriptBuildPhase;
			buildActionMask = 2147483647;
			files = (
			);
			inputPaths = (
			);
			name = "[CP] Check Pods Manifest.lock";
			outputPaths = (
			);
			runOnlyForDeploymentPostprocessing = 0;
			shellPath = /bin/sh;
			shellScript = "diff \"${PODS_PODFILE_DIR_PATH}/Podfile.lock\" \"${PODS_ROOT}/Manifest.lock\" > /dev/null\nif [ $? != 0 ] ; then\n    # print error to STDERR\n    echo \"error: The sandbox is not in sync with the Podfile.lock. Run 'pod install' or update your CocoaPods installation.\" >&2\n    exit 1\nfi\n";
			showEnvVarsInLog = 0;
		};
		A60355F6A70E109DC1BFD59F /* [CP] Check Pods Manifest.lock */ = {
			isa = PBXShellScriptBuildPhase;
			buildActionMask = 2147483647;
			files = (
			);
			inputPaths = (
			);
			name = "[CP] Check Pods Manifest.lock";
			outputPaths = (
			);
			runOnlyForDeploymentPostprocessing = 0;
			shellPath = /bin/sh;
			shellScript = "diff \"${PODS_PODFILE_DIR_PATH}/Podfile.lock\" \"${PODS_ROOT}/Manifest.lock\" > /dev/null\nif [ $? != 0 ] ; then\n    # print error to STDERR\n    echo \"error: The sandbox is not in sync with the Podfile.lock. Run 'pod install' or update your CocoaPods installation.\" >&2\n    exit 1\nfi\n";
			showEnvVarsInLog = 0;
		};
		B3BD022A264DCFEEBDB317BE /* [CP] Copy Pods Resources */ = {
			isa = PBXShellScriptBuildPhase;
			buildActionMask = 2147483647;
			files = (
			);
			inputPaths = (
			);
			name = "[CP] Copy Pods Resources";
			outputPaths = (
			);
			runOnlyForDeploymentPostprocessing = 0;
			shellPath = /bin/sh;
			shellScript = "\"${SRCROOT}/Pods/Target Support Files/Pods-ProductMap/Pods-ProductMap-resources.sh\"\n";
			showEnvVarsInLog = 0;
		};
/* End PBXShellScriptBuildPhase section */

/* Begin PBXSourcesBuildPhase section */
		DD224BD71E9EBA91005B88D8 /* Sources */ = {
			isa = PBXSourcesBuildPhase;
			buildActionMask = 2147483647;
			files = (
				DD4B194B1EA43E3700DC0F00 /* AddProductView.swift in Sources */,
				C4EC64E01EAC243100866098 /* ProductController.swift in Sources */,
				C4EC64EF1EAD95EC00866098 /* ProductDetailButtons.swift in Sources */,
				DD9D8EDA1EA03F0A00925A43 /* CategoriesCell.swift in Sources */,
				DD5B22D41EAD3DC2004461A2 /* TopBarContainer.swift in Sources */,
				DD4B19401EA3C73000DC0F00 /* Constants.swift in Sources */,
				C4BD023A1E9FEDB50025FE76 /* LoginViewController.swift in Sources */,
				C4EC64E51EAC259800866098 /* ImageScrollerCell.swift in Sources */,
				C4CEB3F71EA7E1D6001722E5 /* Extention.swift in Sources */,
				DD4B19561EA547C800DC0F00 /* APIClient.swift in Sources */,
				DD224C231E9F48EB005B88D8 /* MainMapView.swift in Sources */,
				C4BD023C1E9FEDBF0025FE76 /* SignUpViewController.swift in Sources */,
				DD224BE11E9EBA91005B88D8 /* MainViewController.swift in Sources */,
				C4EC64E91EAC2E5300866098 /* TitleCell.swift in Sources */,
				C4E7AAA61EA544AC00518FD6 /* Product.swift in Sources */,
				C4EC64E31EAC257300866098 /* Base Cell.swift in Sources */,
				DD224C1F1E9F3FF4005B88D8 /* ProductLocation.swift in Sources */,
				DD4B19381EA2A6B700DC0F00 /* Category.swift in Sources */,
				DD9D8ED31EA03B3700925A43 /* SignInButton.swift in Sources */,
				DD4B19461EA3E13200DC0F00 /* CustomCalloutView.swift in Sources */,
				C4BD023E1E9FF1D00025FE76 /* User.swift in Sources */,
				DD224BE71E9EBA91005B88D8 /* ProductMap.xcdatamodeld in Sources */,
				DD7370CA1EA59880007511B5 /* TopSpaceView.swift in Sources */,
				C4EC64E71EAC280800866098 /* DescriptionCell.swift in Sources */,
				DD7370D01EA6CD26007511B5 /* SearchCell.swift in Sources */,
				DD9D8ED81EA03E7000925A43 /* MainViewController+CollectionView.swift in Sources */,
				C437785D1EA960D9009FEFE8 /* HeaderView.swift in Sources */,
				C4CEB3F91EA7E980001722E5 /* GradientView.swift in Sources */,
				DD224C251E9FE4A2005B88D8 /* SearchView.swift in Sources */,
				DD4B19481EA42BAC00DC0F00 /* ProductViewController.swift in Sources */,
				C4EC64DE1EABFFBC00866098 /* ProductDescriptionView.swift in Sources */,
				DD4B194F1EA46D8100DC0F00 /* SearchCollectionView.swift in Sources */,
				DD9D8ECF1EA0390E00925A43 /* CategoriesCollectionView.swift in Sources */,
				DD4B193C1EA33AB900DC0F00 /* MainViewController+MapView.swift in Sources */,
				DD224BDF1E9EBA91005B88D8 /* AppDelegate.swift in Sources */,
				DD4B19421EA3D77900DC0F00 /* AnnotationView.swift in Sources */,
				DD4B193E1EA3C57D00DC0F00 /* CustomPointAnnotation.swift in Sources */,
				DD4B193A1EA2F7F700DC0F00 /* SearchTextField.swift in Sources */,
			);
			runOnlyForDeploymentPostprocessing = 0;
		};
		DD224BEE1E9EBA91005B88D8 /* Sources */ = {
			isa = PBXSourcesBuildPhase;
			buildActionMask = 2147483647;
			files = (
				DD224BF71E9EBA91005B88D8 /* ProductMapTests.swift in Sources */,
			);
			runOnlyForDeploymentPostprocessing = 0;
		};
		DD224BF91E9EBA91005B88D8 /* Sources */ = {
			isa = PBXSourcesBuildPhase;
			buildActionMask = 2147483647;
			files = (
				DD224C021E9EBA91005B88D8 /* ProductMapUITests.swift in Sources */,
			);
			runOnlyForDeploymentPostprocessing = 0;
		};
/* End PBXSourcesBuildPhase section */

/* Begin PBXTargetDependency section */
		DD224BF41E9EBA91005B88D8 /* PBXTargetDependency */ = {
			isa = PBXTargetDependency;
			target = DD224BDA1E9EBA91005B88D8 /* ProductMap */;
			targetProxy = DD224BF31E9EBA91005B88D8 /* PBXContainerItemProxy */;
		};
		DD224BFF1E9EBA91005B88D8 /* PBXTargetDependency */ = {
			isa = PBXTargetDependency;
			target = DD224BDA1E9EBA91005B88D8 /* ProductMap */;
			targetProxy = DD224BFE1E9EBA91005B88D8 /* PBXContainerItemProxy */;
		};
/* End PBXTargetDependency section */

/* Begin PBXVariantGroup section */
		DD224BEA1E9EBA91005B88D8 /* LaunchScreen.storyboard */ = {
			isa = PBXVariantGroup;
			children = (
				DD224BEB1E9EBA91005B88D8 /* Base */,
			);
			name = LaunchScreen.storyboard;
			sourceTree = "<group>";
		};
/* End PBXVariantGroup section */

/* Begin XCBuildConfiguration section */
		DD224C041E9EBA91005B88D8 /* Debug */ = {
			isa = XCBuildConfiguration;
			buildSettings = {
				ALWAYS_SEARCH_USER_PATHS = NO;
				CLANG_ANALYZER_NONNULL = YES;
				CLANG_CXX_LANGUAGE_STANDARD = "gnu++0x";
				CLANG_CXX_LIBRARY = "libc++";
				CLANG_ENABLE_MODULES = YES;
				CLANG_ENABLE_OBJC_ARC = YES;
				CLANG_WARN_BOOL_CONVERSION = YES;
				CLANG_WARN_CONSTANT_CONVERSION = YES;
				CLANG_WARN_DIRECT_OBJC_ISA_USAGE = YES_ERROR;
				CLANG_WARN_DOCUMENTATION_COMMENTS = YES;
				CLANG_WARN_EMPTY_BODY = YES;
				CLANG_WARN_ENUM_CONVERSION = YES;
				CLANG_WARN_INFINITE_RECURSION = YES;
				CLANG_WARN_INT_CONVERSION = YES;
				CLANG_WARN_OBJC_ROOT_CLASS = YES_ERROR;
				CLANG_WARN_SUSPICIOUS_MOVE = YES;
				CLANG_WARN_UNREACHABLE_CODE = YES;
				CLANG_WARN__DUPLICATE_METHOD_MATCH = YES;
				"CODE_SIGN_IDENTITY[sdk=iphoneos*]" = "iPhone Developer";
				COPY_PHASE_STRIP = NO;
				DEBUG_INFORMATION_FORMAT = dwarf;
				ENABLE_STRICT_OBJC_MSGSEND = YES;
				ENABLE_TESTABILITY = YES;
				GCC_C_LANGUAGE_STANDARD = gnu99;
				GCC_DYNAMIC_NO_PIC = NO;
				GCC_NO_COMMON_BLOCKS = YES;
				GCC_OPTIMIZATION_LEVEL = 0;
				GCC_PREPROCESSOR_DEFINITIONS = (
					"DEBUG=1",
					"$(inherited)",
				);
				GCC_WARN_64_TO_32_BIT_CONVERSION = YES;
				GCC_WARN_ABOUT_RETURN_TYPE = YES_ERROR;
				GCC_WARN_UNDECLARED_SELECTOR = YES;
				GCC_WARN_UNINITIALIZED_AUTOS = YES_AGGRESSIVE;
				GCC_WARN_UNUSED_FUNCTION = YES;
				GCC_WARN_UNUSED_VARIABLE = YES;
				IPHONEOS_DEPLOYMENT_TARGET = 10.2;
				MTL_ENABLE_DEBUG_INFO = YES;
				ONLY_ACTIVE_ARCH = YES;
				SDKROOT = iphoneos;
				SWIFT_ACTIVE_COMPILATION_CONDITIONS = DEBUG;
				SWIFT_OPTIMIZATION_LEVEL = "-Onone";
			};
			name = Debug;
		};
		DD224C051E9EBA91005B88D8 /* Release */ = {
			isa = XCBuildConfiguration;
			buildSettings = {
				ALWAYS_SEARCH_USER_PATHS = NO;
				CLANG_ANALYZER_NONNULL = YES;
				CLANG_CXX_LANGUAGE_STANDARD = "gnu++0x";
				CLANG_CXX_LIBRARY = "libc++";
				CLANG_ENABLE_MODULES = YES;
				CLANG_ENABLE_OBJC_ARC = YES;
				CLANG_WARN_BOOL_CONVERSION = YES;
				CLANG_WARN_CONSTANT_CONVERSION = YES;
				CLANG_WARN_DIRECT_OBJC_ISA_USAGE = YES_ERROR;
				CLANG_WARN_DOCUMENTATION_COMMENTS = YES;
				CLANG_WARN_EMPTY_BODY = YES;
				CLANG_WARN_ENUM_CONVERSION = YES;
				CLANG_WARN_INFINITE_RECURSION = YES;
				CLANG_WARN_INT_CONVERSION = YES;
				CLANG_WARN_OBJC_ROOT_CLASS = YES_ERROR;
				CLANG_WARN_SUSPICIOUS_MOVE = YES;
				CLANG_WARN_UNREACHABLE_CODE = YES;
				CLANG_WARN__DUPLICATE_METHOD_MATCH = YES;
				"CODE_SIGN_IDENTITY[sdk=iphoneos*]" = "iPhone Developer";
				COPY_PHASE_STRIP = NO;
				DEBUG_INFORMATION_FORMAT = "dwarf-with-dsym";
				ENABLE_NS_ASSERTIONS = NO;
				ENABLE_STRICT_OBJC_MSGSEND = YES;
				GCC_C_LANGUAGE_STANDARD = gnu99;
				GCC_NO_COMMON_BLOCKS = YES;
				GCC_WARN_64_TO_32_BIT_CONVERSION = YES;
				GCC_WARN_ABOUT_RETURN_TYPE = YES_ERROR;
				GCC_WARN_UNDECLARED_SELECTOR = YES;
				GCC_WARN_UNINITIALIZED_AUTOS = YES_AGGRESSIVE;
				GCC_WARN_UNUSED_FUNCTION = YES;
				GCC_WARN_UNUSED_VARIABLE = YES;
				IPHONEOS_DEPLOYMENT_TARGET = 10.2;
				MTL_ENABLE_DEBUG_INFO = NO;
				SDKROOT = iphoneos;
				SWIFT_OPTIMIZATION_LEVEL = "-Owholemodule";
				VALIDATE_PRODUCT = YES;
			};
			name = Release;
		};
		DD224C071E9EBA91005B88D8 /* Debug */ = {
			isa = XCBuildConfiguration;
			baseConfigurationReference = 2588303D764675037131CF28 /* Pods-ProductMap.debug.xcconfig */;
			buildSettings = {
				ASSETCATALOG_COMPILER_APPICON_NAME = AppIcon;
				CODE_SIGN_ENTITLEMENTS = ProductMap/ProductMap.entitlements;
				DEVELOPMENT_TEAM = 3FX26JCU7E;
				INFOPLIST_FILE = ProductMap/Info.plist;
				IPHONEOS_DEPLOYMENT_TARGET = 10.0;
				LD_RUNPATH_SEARCH_PATHS = "$(inherited) @executable_path/Frameworks";
				PRODUCT_BUNDLE_IDENTIFIER = com.trevinwisaksana.ProductMap;
				PRODUCT_NAME = "$(TARGET_NAME)";
				SWIFT_VERSION = 3.0;
			};
			name = Debug;
		};
		DD224C081E9EBA91005B88D8 /* Release */ = {
			isa = XCBuildConfiguration;
			baseConfigurationReference = 5A6557A682D3A92099B24E01 /* Pods-ProductMap.release.xcconfig */;
			buildSettings = {
				ASSETCATALOG_COMPILER_APPICON_NAME = AppIcon;
				CODE_SIGN_ENTITLEMENTS = ProductMap/ProductMap.entitlements;
				DEVELOPMENT_TEAM = 3FX26JCU7E;
				INFOPLIST_FILE = ProductMap/Info.plist;
				IPHONEOS_DEPLOYMENT_TARGET = 10.0;
				LD_RUNPATH_SEARCH_PATHS = "$(inherited) @executable_path/Frameworks";
				PRODUCT_BUNDLE_IDENTIFIER = com.trevinwisaksana.ProductMap;
				PRODUCT_NAME = "$(TARGET_NAME)";
				SWIFT_VERSION = 3.0;
			};
			name = Release;
		};
		DD224C0A1E9EBA91005B88D8 /* Debug */ = {
			isa = XCBuildConfiguration;
			baseConfigurationReference = 03429CE1EDB38F6F1D859308 /* Pods-ProductMapTests.debug.xcconfig */;
			buildSettings = {
				ALWAYS_EMBED_SWIFT_STANDARD_LIBRARIES = YES;
				BUNDLE_LOADER = "$(TEST_HOST)";
				DEVELOPMENT_TEAM = 9ME882KZTA;
				INFOPLIST_FILE = ProductMapTests/Info.plist;
				LD_RUNPATH_SEARCH_PATHS = "$(inherited) @executable_path/Frameworks @loader_path/Frameworks";
				PRODUCT_BUNDLE_IDENTIFIER = com.trevinwisaksana.ProductMapTests;
				PRODUCT_NAME = "$(TARGET_NAME)";
				SWIFT_VERSION = 3.0;
				TEST_HOST = "$(BUILT_PRODUCTS_DIR)/ProductMap.app/ProductMap";
			};
			name = Debug;
		};
		DD224C0B1E9EBA91005B88D8 /* Release */ = {
			isa = XCBuildConfiguration;
			baseConfigurationReference = BE139491CA24F3F245638DF3 /* Pods-ProductMapTests.release.xcconfig */;
			buildSettings = {
				ALWAYS_EMBED_SWIFT_STANDARD_LIBRARIES = YES;
				BUNDLE_LOADER = "$(TEST_HOST)";
				DEVELOPMENT_TEAM = 9ME882KZTA;
				INFOPLIST_FILE = ProductMapTests/Info.plist;
				LD_RUNPATH_SEARCH_PATHS = "$(inherited) @executable_path/Frameworks @loader_path/Frameworks";
				PRODUCT_BUNDLE_IDENTIFIER = com.trevinwisaksana.ProductMapTests;
				PRODUCT_NAME = "$(TARGET_NAME)";
				SWIFT_VERSION = 3.0;
				TEST_HOST = "$(BUILT_PRODUCTS_DIR)/ProductMap.app/ProductMap";
			};
			name = Release;
		};
		DD224C0D1E9EBA91005B88D8 /* Debug */ = {
			isa = XCBuildConfiguration;
			baseConfigurationReference = 929D76CB0F52CA7C3608034D /* Pods-ProductMapUITests.debug.xcconfig */;
			buildSettings = {
				ALWAYS_EMBED_SWIFT_STANDARD_LIBRARIES = YES;
				DEVELOPMENT_TEAM = 9ME882KZTA;
				INFOPLIST_FILE = ProductMapUITests/Info.plist;
				LD_RUNPATH_SEARCH_PATHS = "$(inherited) @executable_path/Frameworks @loader_path/Frameworks";
				PRODUCT_BUNDLE_IDENTIFIER = com.trevinwisaksana.ProductMapUITests;
				PRODUCT_NAME = "$(TARGET_NAME)";
				SWIFT_VERSION = 3.0;
				TEST_TARGET_NAME = ProductMap;
			};
			name = Debug;
		};
		DD224C0E1E9EBA91005B88D8 /* Release */ = {
			isa = XCBuildConfiguration;
			baseConfigurationReference = 66262BC38BEC9A4B88E4CE9B /* Pods-ProductMapUITests.release.xcconfig */;
			buildSettings = {
				ALWAYS_EMBED_SWIFT_STANDARD_LIBRARIES = YES;
				DEVELOPMENT_TEAM = 9ME882KZTA;
				INFOPLIST_FILE = ProductMapUITests/Info.plist;
				LD_RUNPATH_SEARCH_PATHS = "$(inherited) @executable_path/Frameworks @loader_path/Frameworks";
				PRODUCT_BUNDLE_IDENTIFIER = com.trevinwisaksana.ProductMapUITests;
				PRODUCT_NAME = "$(TARGET_NAME)";
				SWIFT_VERSION = 3.0;
				TEST_TARGET_NAME = ProductMap;
			};
			name = Release;
		};
/* End XCBuildConfiguration section */

/* Begin XCConfigurationList section */
		DD224BD61E9EBA91005B88D8 /* Build configuration list for PBXProject "ProductMap" */ = {
			isa = XCConfigurationList;
			buildConfigurations = (
				DD224C041E9EBA91005B88D8 /* Debug */,
				DD224C051E9EBA91005B88D8 /* Release */,
			);
			defaultConfigurationIsVisible = 0;
			defaultConfigurationName = Release;
		};
		DD224C061E9EBA91005B88D8 /* Build configuration list for PBXNativeTarget "ProductMap" */ = {
			isa = XCConfigurationList;
			buildConfigurations = (
				DD224C071E9EBA91005B88D8 /* Debug */,
				DD224C081E9EBA91005B88D8 /* Release */,
			);
			defaultConfigurationIsVisible = 0;
			defaultConfigurationName = Release;
		};
		DD224C091E9EBA91005B88D8 /* Build configuration list for PBXNativeTarget "ProductMapTests" */ = {
			isa = XCConfigurationList;
			buildConfigurations = (
				DD224C0A1E9EBA91005B88D8 /* Debug */,
				DD224C0B1E9EBA91005B88D8 /* Release */,
			);
			defaultConfigurationIsVisible = 0;
			defaultConfigurationName = Release;
		};
		DD224C0C1E9EBA91005B88D8 /* Build configuration list for PBXNativeTarget "ProductMapUITests" */ = {
			isa = XCConfigurationList;
			buildConfigurations = (
				DD224C0D1E9EBA91005B88D8 /* Debug */,
				DD224C0E1E9EBA91005B88D8 /* Release */,
			);
			defaultConfigurationIsVisible = 0;
			defaultConfigurationName = Release;
		};
/* End XCConfigurationList section */

/* Begin XCVersionGroup section */
		DD224BE51E9EBA91005B88D8 /* ProductMap.xcdatamodeld */ = {
			isa = XCVersionGroup;
			children = (
				DD224BE61E9EBA91005B88D8 /* ProductMap.xcdatamodel */,
			);
			currentVersion = DD224BE61E9EBA91005B88D8 /* ProductMap.xcdatamodel */;
			path = ProductMap.xcdatamodeld;
			sourceTree = "<group>";
			versionGroupType = wrapper.xcdatamodel;
		};
/* End XCVersionGroup section */
	};
	rootObject = DD224BD31E9EBA91005B88D8 /* Project object */;
}
